
Microsoft Visual Studio Solution File, Format Version 12.00
# Visual Studio Version 16
VisualStudioVersion = 16.0.30907.101
MinimumVisualStudioVersion = 10.0.40219.1
Project("{9A19103F-16F7-4668-BE54-9A1E7A4F7556}") = "BarcoApplicatie", "BarcoApplicatie\BarcoApplicatie.csproj", "{647DC0BB-63CC-4A90-9E05-40736C1EF587}"
EndProject
Project("{FAE04EC0-301F-11D3-BF4B-00C04F79EFBC}") = "BarcoApplication.Data", "BarcoApplication.Data\BarcoApplication.Data.csproj", "{C9A6FD5D-D2DC-4897-988C-5E04F288347B}"
EndProject
Project("{FAE04EC0-301F-11D3-BF4B-00C04F79EFBC}") = "BarcoApplication.Domain", "BarcoApplication.Domain\BarcoApplication.Domain.csproj", "{0E3604AD-22BF-433B-B361-BD743022165E}"
EndProject
Global
	GlobalSection(SolutionConfigurationPlatforms) = preSolution
		Debug|Any CPU = Debug|Any CPU
		Release|Any CPU = Release|Any CPU
	EndGlobalSection
	GlobalSection(ProjectConfigurationPlatforms) = postSolution
		{647DC0BB-63CC-4A90-9E05-40736C1EF587}.Debug|Any CPU.ActiveCfg = Debug|Any CPU
		{647DC0BB-63CC-4A90-9E05-40736C1EF587}.Debug|Any CPU.Build.0 = Debug|Any CPU
		{647DC0BB-63CC-4A90-9E05-40736C1EF587}.Release|Any CPU.ActiveCfg = Release|Any CPU
		{647DC0BB-63CC-4A90-9E05-40736C1EF587}.Release|Any CPU.Build.0 = Release|Any CPU
		{C9A6FD5D-D2DC-4897-988C-5E04F288347B}.Debug|Any CPU.ActiveCfg = Debug|Any CPU
		{C9A6FD5D-D2DC-4897-988C-5E04F288347B}.Debug|Any CPU.Build.0 = Debug|Any CPU
		{C9A6FD5D-D2DC-4897-988C-5E04F288347B}.Release|Any CPU.ActiveCfg = Release|Any CPU
		{C9A6FD5D-D2DC-4897-988C-5E04F288347B}.Release|Any CPU.Build.0 = Release|Any CPU
		{0E3604AD-22BF-433B-B361-BD743022165E}.Debug|Any CPU.ActiveCfg = Debug|Any CPU
		{0E3604AD-22BF-433B-B361-BD743022165E}.Debug|Any CPU.Build.0 = Debug|Any CPU
		{0E3604AD-22BF-433B-B361-BD743022165E}.Release|Any CPU.ActiveCfg = Release|Any CPU
		{0E3604AD-22BF-433B-B361-BD743022165E}.Release|Any CPU.Build.0 = Release|Any CPU
	EndGlobalSection
	GlobalSection(SolutionProperties) = preSolution
		HideSolutionNode = FALSE
	EndGlobalSection
	GlobalSection(ExtensibilityGlobals) = postSolution
		SolutionGuid = {78CF77E8-5801-4456-AAF7-B4CA92381F96}
	EndGlobalSection
EndGlobal
